#MicroXplorer Configuration settings - do not modify
Mcu.Family=STM32F0
PA11.GPIO_Speed=GPIO_SPEED_FREQ_HIGH
PF7.GPIOParameters=GPIO_Speed,GPIO_Label
SH.GPXTI1.0=GPIO_EXTI1
ProjectManager.MainLocation=Core/Src
RCC.MCOFreq_Value=48000000
PB13.GPIOParameters=GPIO_Speed,GPIO_Label
RCC.USART1Freq_Value=48000000
ProjectManager.KeepUserCode=true
Mcu.UserName=STM32F031C6Tx
TIM1.IPParameters=Channel-PWM Generation1 CH1,Channel-PWM Generation2 CH2,Period,Channel-PWM Generation3 CH3,AutoReloadPreload
USART1.BaudRate=9600
RCC.PLLCLKFreq_Value=48000000
PB14.GPIO_Label=l2
PA0.GPIO_Label=hall1
PA12.GPIOParameters=GPIO_Speed,GPIO_Label
ProjectManager.functionlistsort=1-MX_GPIO_Init-GPIO-false-HAL-true,2-SystemClock_Config-RCC-false-HAL-false,3-MX_USART1_UART_Init-USART1-false-HAL-true,4-MX_TIM1_Init-TIM1-false-HAL-true
PA9.GPIOParameters=GPIO_Speed,GPIO_Label
PA11.GPIOParameters=GPIO_Speed,GPIO_Label
NVIC.SVC_IRQn=true\:0\:0\:false\:false\:true\:false\:false
SH.S_TIM1_CH3.ConfNb=1
SH.S_TIM1_CH1.ConfNb=1
USART1.IPParameters=VirtualMode-Asynchronous,BaudRate
PB13.GPIO_Label=l1
PB13.Signal=GPIO_Output
PB15.Signal=GPIO_Output
PA2.GPIOParameters=GPIO_Label,GPIO_ModeDefaultEXTI
PinOutPanel.RotationAngle=0
PF6.GPIO_Label=octh2
RCC.SYSCLKSource=RCC_SYSCLKSOURCE_PLLCLK
ProjectManager.StackSize=0x400
SH.GPXTI2.0=GPIO_EXTI2
Mcu.IP4=USART1
RCC.FCLKCortexFreq_Value=48000000
Mcu.IP2=SYS
Mcu.IP3=TIM1
Mcu.IP0=NVIC
PA12.Locked=true
Mcu.IP1=RCC
PA12.Signal=GPIO_Output
Mcu.UserConstants=
PF7.Signal=GPIO_Output
Mcu.ThirdPartyNb=0
RCC.HCLKFreq_Value=48000000
Mcu.IPNb=5
ProjectManager.PreviousToolchain=STM32CubeIDE
PB6.Signal=USART1_TX
PB6.Mode=Asynchronous
PA8.GPIOParameters=GPIO_Speed,GPIO_Label
Mcu.Pin6=PB13
Mcu.Pin7=PB14
Mcu.Pin8=PB15
Mcu.Pin9=PA8
RCC.AHBFreq_Value=48000000
PB13.Locked=true
Mcu.Pin0=PF0-OSC_IN
Mcu.Pin1=PF1-OSC_OUT
GPIO.groupedBy=Group By Peripherals
Mcu.Pin2=PA0
Mcu.Pin3=PA1
Mcu.Pin4=PA2
Mcu.Pin5=PB12
ProjectManager.ProjectBuild=false
PF0-OSC_IN.GPIO_Label=user1
PA0.Locked=true
PA8.Locked=true
NVIC.SysTick_IRQn=true\:0\:0\:false\:false\:true\:false\:true
RCC.PLLMUL=RCC_PLL_MUL12
PB12.GPIO_Label=ocp
ProjectManager.FirmwarePackage=STM32Cube FW_F0 V1.11.2
MxDb.Version=DB.6.0.10
PA1.GPIOParameters=GPIO_Label,GPIO_ModeDefaultEXTI
ProjectManager.BackupPrevious=false
PF7.GPIO_Speed=GPIO_SPEED_FREQ_HIGH
PF7.GPIO_Label=octh1
TIM1.Channel-PWM\ Generation1\ CH1=TIM_CHANNEL_1
PF0-OSC_IN.Locked=true
PA14.Mode=Serial_Wire
File.Version=6
PA10.GPIO_Label=h3
PB7.Signal=USART1_RX
PA8.Signal=S_TIM1_CH1
PB6.Locked=true
NVIC.PendSV_IRQn=true\:0\:0\:false\:false\:true\:false\:false
ProjectManager.HalAssertFull=false
ProjectManager.ProjectName=bldc_v2
PA0.Signal=GPXTI0
RCC.PLLMCOFreq_Value=48000000
Mcu.Package=LQFP48
ProjectManager.ToolChainLocation=
PA2.GPIO_Label=hall3
SH.GPXTI0.0=GPIO_EXTI0
VP_SYS_VS_Systick.Signal=SYS_VS_Systick
PA10.Signal=S_TIM1_CH3
PF7.Locked=true
PB14.GPIOParameters=GPIO_Speed,GPIO_Label
PA10.GPIO_Speed=GPIO_SPEED_FREQ_HIGH
RCC.APB1TimFreq_Value=48000000
TIM1.Period=2999
PA1.GPIO_ModeDefaultEXTI=GPIO_MODE_IT_RISING_FALLING
PA8.GPIO_Speed=GPIO_SPEED_FREQ_HIGH
ProjectManager.CustomerFirmwarePackage=
PA12.GPIO_Speed=GPIO_SPEED_FREQ_HIGH
PF1-OSC_OUT.Signal=GPIO_Input
PB15.Locked=true
PA2.Locked=true
RCC.I2SFreq_Value=48000000
ProjectManager.ProjectFileName=bldc_v2.ioc
Mcu.PinsNb=21
ProjectManager.NoMain=false
PA9.GPIO_Label=h2
SH.GPXTI0.ConfNb=1
PA11.GPIO_Label=oc_sel
ProjectManager.DefaultFWLocation=true
PB12.Locked=true
ProjectManager.DeletePrevious=true
PF1-OSC_OUT.Locked=true
PB14.Locked=true
PA12.GPIO_Label=_3fg_hiz
RCC.FamilyName=M
USART1.VirtualMode-Asynchronous=VM_ASYNC
TIM1.AutoReloadPreload=TIM_AUTORELOAD_PRELOAD_ENABLE
PA13.Signal=SYS_SWDIO
PA11.Locked=true
PA8.GPIO_Label=h1
SH.S_TIM1_CH1.0=TIM1_CH1,PWM Generation1 CH1
SH.GPXTI2.ConfNb=1
PF6.Signal=GPIO_Output
ProjectManager.TargetToolchain=STM32CubeIDE
PB14.GPIO_Speed=GPIO_SPEED_FREQ_HIGH
PF6.Locked=true
PA9.Signal=S_TIM1_CH2
TIM1.Channel-PWM\ Generation2\ CH2=TIM_CHANNEL_2
PB13.GPIO_Speed=GPIO_SPEED_FREQ_HIGH
ProjectManager.RegisterCallBack=
PF1-OSC_OUT.GPIOParameters=GPIO_Label
PA1.Signal=GPXTI1
SH.S_TIM1_CH2.ConfNb=1
PB14.Signal=GPIO_Output
board=custom
ProjectManager.LastFirmware=true
NVIC.EXTI2_3_IRQn=true\:2\:0\:true\:false\:true\:true\:true
MxCube.Version=6.1.1
SH.S_TIM1_CH2.0=TIM1_CH2,PWM Generation2 CH2
PB15.GPIO_Label=l3
PA0.GPIO_ModeDefaultEXTI=GPIO_MODE_IT_RISING_FALLING
PB15.GPIO_Speed=GPIO_SPEED_FREQ_HIGH
PA1.GPIO_Label=hall2
PF1-OSC_OUT.GPIO_Label=user2
PA10.GPIOParameters=GPIO_Speed,GPIO_Label
VP_SYS_VS_Systick.Mode=SysTick
PA9.Locked=true
NVIC.NonMaskableInt_IRQn=true\:0\:0\:false\:false\:true\:false\:false
PB15.GPIOParameters=GPIO_Speed,GPIO_Label
PA13.Mode=Serial_Wire
ProjectManager.FreePins=false
RCC.IPParameters=AHBFreq_Value,APB1Freq_Value,APB1TimFreq_Value,FCLKCortexFreq_Value,FamilyName,HCLKFreq_Value,I2SFreq_Value,MCOFreq_Value,PLLCLKFreq_Value,PLLMCOFreq_Value,PLLMUL,SYSCLKFreq_VALUE,SYSCLKSource,TimSysFreq_Value,USART1Freq_Value
ProjectManager.AskForMigrate=true
Mcu.Name=STM32F031C(4-6)Tx
PA2.Signal=GPXTI2
ProjectManager.UnderRoot=true
ProjectManager.CoupleFile=false
RCC.SYSCLKFreq_VALUE=48000000
RCC.TimSysFreq_Value=48000000
PA1.Locked=true
Mcu.Pin20=VP_SYS_VS_Systick
PA10.Locked=true
NVIC.ForceEnableDMAVector=false
KeepUserPlacement=false
ProjectManager.CompilerOptimize=6
PB7.Mode=Asynchronous
PA11.Signal=GPIO_Output
PA14.Signal=SYS_SWCLK
ProjectManager.HeapSize=0x200
PA0.GPIOParameters=GPIO_Label,GPIO_ModeDefaultEXTI
Mcu.Pin15=PF6
NVIC.HardFault_IRQn=true\:0\:0\:false\:false\:true\:false\:false
Mcu.Pin16=PF7
Mcu.Pin13=PA12
PF6.GPIOParameters=GPIO_Speed,GPIO_Label
Mcu.Pin14=PA13
SH.S_TIM1_CH3.0=TIM1_CH3,PWM Generation3 CH3
Mcu.Pin19=PB7
ProjectManager.ComputerToolchain=false
Mcu.Pin17=PA14
Mcu.Pin18=PB6
PA2.GPIO_ModeDefaultEXTI=GPIO_MODE_IT_RISING_FALLING
Mcu.Pin11=PA10
Mcu.Pin12=PA11
Mcu.Pin10=PA9
PB7.Locked=true
PA9.GPIO_Speed=GPIO_SPEED_FREQ_HIGH
PF0-OSC_IN.Signal=GPIO_Input
TIM1.Channel-PWM\ Generation3\ CH3=TIM_CHANNEL_3
PF0-OSC_IN.GPIOParameters=GPIO_Label
SH.GPXTI1.ConfNb=1
RCC.APB1Freq_Value=48000000
ProjectManager.DeviceId=STM32F031C6Tx
PB12.GPIOParameters=GPIO_Label
PB12.Signal=TIM1_BKIN
ProjectManager.LibraryCopy=1
PF6.GPIO_Speed=GPIO_SPEED_FREQ_HIGH
NVIC.EXTI0_1_IRQn=true\:2\:0\:true\:false\:true\:true\:true
